# This file is automatically @generated by Cargo.
# It is not intended for manual editing.
version = 4

[[package]]
name = "rars"
version = "0.1.0"
dependencies = [
 "rars-format",
]

[[package]]
name = "rars-cli"
version = "0.1.0"
dependencies = [
 "rars",
]

[[package]]
name = "rars-codec"
version = "0.1.0"

[[package]]
name = "rars-crypto"
version = "0.1.0"

[[package]]
name = "rars-format"
version = "0.1.0"
dependencies = [
 "rars-codec",
 "rars-crypto",
]

[[package]]
name = "rars-testkit"
version = "0.1.0"
